
Microsoft Visual Studio Solution File, Format Version 12.00
# Visual Studio Version 17
VisualStudioVersion = 17.5.33424.131
MinimumVisualStudioVersion = 10.0.40219.1
Project("{2150E333-8FDC-42A3-9474-1A3956D46DE8}") = "src", "src", "{D1C52466-44BF-4E1E-97F1-72D20EC208A9}"
EndProject
Project("{2150E333-8FDC-42A3-9474-1A3956D46DE8}") = "Common", "Common", "{E2E33D1B-59AA-4020-801E-658936168A44}"
EndProject
Project("{2150E333-8FDC-42A3-9474-1A3956D46DE8}") = "Board", "Board", "{FC8ED6E0-5411-4373-BD68-DE4B21E0A694}"
EndProject
Project("{2150E333-8FDC-42A3-9474-1A3956D46DE8}") = "Application", "Application", "{09A5B31A-3657-4DE5-8CCB-7A3A0010FAF1}"
EndProject
Project("{2150E333-8FDC-42A3-9474-1A3956D46DE8}") = "Domain", "Domain", "{D11C6775-414E-4CD3-BF89-7FFB9E0166E6}"
EndProject
Project("{2150E333-8FDC-42A3-9474-1A3956D46DE8}") = "Contracts", "Contracts", "{6DADE24C-0F79-466D-9B6A-EBE326C805B5}"
EndProject
Project("{2150E333-8FDC-42A3-9474-1A3956D46DE8}") = "Infrastructure", "Infrastructure", "{D6A06196-1EC9-4DA8-8D6A-DD9B54A18D38}"
EndProject
Project("{2150E333-8FDC-42A3-9474-1A3956D46DE8}") = "Host", "Host", "{5248541E-781C-4CB7-8AE5-F23F9D8490CC}"
EndProject
Global
	GlobalSection(SolutionProperties) = preSolution
		HideSolutionNode = FALSE
	EndGlobalSection
	GlobalSection(NestedProjects) = preSolution
		{E2E33D1B-59AA-4020-801E-658936168A44} = {D1C52466-44BF-4E1E-97F1-72D20EC208A9}
		{FC8ED6E0-5411-4373-BD68-DE4B21E0A694} = {D1C52466-44BF-4E1E-97F1-72D20EC208A9}
		{09A5B31A-3657-4DE5-8CCB-7A3A0010FAF1} = {FC8ED6E0-5411-4373-BD68-DE4B21E0A694}
		{D11C6775-414E-4CD3-BF89-7FFB9E0166E6} = {FC8ED6E0-5411-4373-BD68-DE4B21E0A694}
		{6DADE24C-0F79-466D-9B6A-EBE326C805B5} = {FC8ED6E0-5411-4373-BD68-DE4B21E0A694}
		{D6A06196-1EC9-4DA8-8D6A-DD9B54A18D38} = {FC8ED6E0-5411-4373-BD68-DE4B21E0A694}
		{5248541E-781C-4CB7-8AE5-F23F9D8490CC} = {FC8ED6E0-5411-4373-BD68-DE4B21E0A694}
	EndGlobalSection
	GlobalSection(ExtensibilityGlobals) = postSolution
		SolutionGuid = {FED2C3D4-E53B-415E-AD1B-8F0CC525D05F}
	EndGlobalSection
EndGlobal
